// !$*UTF8*$!
{
	archiveVersion = 1;
	classes = {
	};
	objectVersion = 46;
	objects = {

/* Begin PBXBuildFile section */
		612407801DBDC47A006FFAF4 /* DIBaseViewController.m in Sources */ = {isa = PBXBuildFile; fileRef = 6124077F1DBDC47A006FFAF4 /* DIBaseViewController.m */; };
		6141C87F1DBDBA2B002EEBD7 /* main.m in Sources */ = {isa = PBXBuildFile; fileRef = 6141C87E1DBDBA2B002EEBD7 /* main.m */; };
		6141C8821DBDBA2B002EEBD7 /* AppDelegate.m in Sources */ = {isa = PBXBuildFile; fileRef = 6141C8811DBDBA2B002EEBD7 /* AppDelegate.m */; };
		6141C88A1DBDBA2B002EEBD7 /* Assets.xcassets in Resources */ = {isa = PBXBuildFile; fileRef = 6141C8891DBDBA2B002EEBD7 /* Assets.xcassets */; };
		6141C8981DBDBA2B002EEBD7 /* DrawItTests.m in Sources */ = {isa = PBXBuildFile; fileRef = 6141C8971DBDBA2B002EEBD7 /* DrawItTests.m */; };
		6141C8A31DBDBA2B002EEBD7 /* DrawItUITests.m in Sources */ = {isa = PBXBuildFile; fileRef = 6141C8A21DBDBA2B002EEBD7 /* DrawItUITests.m */; };
		6172E1181DC208B7003FD670 /* DIPenModel.m in Sources */ = {isa = PBXBuildFile; fileRef = 6172E1101DC208B7003FD670 /* DIPenModel.m */; };
		6172E1191DC208B7003FD670 /* DIPointModel.m in Sources */ = {isa = PBXBuildFile; fileRef = 6172E1121DC208B7003FD670 /* DIPointModel.m */; };
		6172E11A1DC208B7003FD670 /* DIDrawingToolBar.m in Sources */ = {isa = PBXBuildFile; fileRef = 6172E1151DC208B7003FD670 /* DIDrawingToolBar.m */; };
		6172E11B1DC208B7003FD670 /* DIDrawingView.m in Sources */ = {isa = PBXBuildFile; fileRef = 6172E1171DC208B7003FD670 /* DIDrawingView.m */; };
		6172E1851DC87903003FD670 /* ANImageBitmapRep.m in Sources */ = {isa = PBXBuildFile; fileRef = 6172E15F1DC87903003FD670 /* ANImageBitmapRep.m */; };
		6172E1861DC87903003FD670 /* BitmapContextRep.m in Sources */ = {isa = PBXBuildFile; fileRef = 6172E1611DC87903003FD670 /* BitmapContextRep.m */; };
		6172E1871DC87903003FD670 /* NSImage+ANImageBitmapRep.m in Sources */ = {isa = PBXBuildFile; fileRef = 6172E1641DC87903003FD670 /* NSImage+ANImageBitmapRep.m */; };
		6172E1881DC87903003FD670 /* OSCommonImage.m in Sources */ = {isa = PBXBuildFile; fileRef = 6172E1661DC87903003FD670 /* OSCommonImage.m */; };
		6172E1891DC87903003FD670 /* UIImage+ANImageBitmapRep.m in Sources */ = {isa = PBXBuildFile; fileRef = 6172E1681DC87903003FD670 /* UIImage+ANImageBitmapRep.m */; };
		6172E18A1DC87903003FD670 /* CGContextCreator.m in Sources */ = {isa = PBXBuildFile; fileRef = 6172E16B1DC87903003FD670 /* CGContextCreator.m */; };
		6172E18B1DC87903003FD670 /* CGImageContainer.m in Sources */ = {isa = PBXBuildFile; fileRef = 6172E16D1DC87903003FD670 /* CGImageContainer.m */; };
		6172E18C1DC87903003FD670 /* BitmapContextManipulator.m in Sources */ = {isa = PBXBuildFile; fileRef = 6172E1701DC87903003FD670 /* BitmapContextManipulator.m */; };
		6172E18D1DC87903003FD670 /* BitmapCropManipulator.m in Sources */ = {isa = PBXBuildFile; fileRef = 6172E1721DC87903003FD670 /* BitmapCropManipulator.m */; };
		6172E18E1DC87903003FD670 /* BitmapDrawManipulator.m in Sources */ = {isa = PBXBuildFile; fileRef = 6172E1741DC87903003FD670 /* BitmapDrawManipulator.m */; };
		6172E18F1DC87903003FD670 /* BitmapRotationManipulator.m in Sources */ = {isa = PBXBuildFile; fileRef = 6172E1761DC87903003FD670 /* BitmapRotationManipulator.m */; };
		6172E1901DC87903003FD670 /* BitmapScaleManipulator.m in Sources */ = {isa = PBXBuildFile; fileRef = 6172E1781DC87903003FD670 /* BitmapScaleManipulator.m */; };
		6172E1911DC87903003FD670 /* BGRSLoupeLayer.m in Sources */ = {isa = PBXBuildFile; fileRef = 6172E17A1DC87903003FD670 /* BGRSLoupeLayer.m */; };
		6172E1921DC87903003FD670 /* RSColorFunctions.m in Sources */ = {isa = PBXBuildFile; fileRef = 6172E17C1DC87903003FD670 /* RSColorFunctions.m */; };
		6172E1931DC87903003FD670 /* RSColorPickerState.m in Sources */ = {isa = PBXBuildFile; fileRef = 6172E17E1DC87903003FD670 /* RSColorPickerState.m */; };
		6172E1941DC87903003FD670 /* RSColorPickerView.m in Sources */ = {isa = PBXBuildFile; fileRef = 6172E1801DC87903003FD670 /* RSColorPickerView.m */; };
		6172E1951DC87903003FD670 /* RSGenerateOperation.m in Sources */ = {isa = PBXBuildFile; fileRef = 6172E1821DC87903003FD670 /* RSGenerateOperation.m */; };
		6172E1961DC87903003FD670 /* RSSelectionLayer.m in Sources */ = {isa = PBXBuildFile; fileRef = 6172E1841DC87903003FD670 /* RSSelectionLayer.m */; };
		6172E1991DC8796C003FD670 /* DIColorPickerViewController.m in Sources */ = {isa = PBXBuildFile; fileRef = 6172E1981DC8796C003FD670 /* DIColorPickerViewController.m */; };
		61A418461DD0439400745071 /* VFileManager.m in Sources */ = {isa = PBXBuildFile; fileRef = 61A418431DD0439400745071 /* VFileManager.m */; };
		61A418471DD0439400745071 /* DICacheManager.m in Sources */ = {isa = PBXBuildFile; fileRef = 61A418451DD0439400745071 /* DICacheManager.m */; };
		61A418531DD05EE500745071 /* DIPaintCollectionViewCell.m in Sources */ = {isa = PBXBuildFile; fileRef = 61A418521DD05EE500745071 /* DIPaintCollectionViewCell.m */; };
		61A418561DD0795600745071 /* DIPaintInfoModel.m in Sources */ = {isa = PBXBuildFile; fileRef = 61A418551DD0795500745071 /* DIPaintInfoModel.m */; };
		61B4CCC61DD30466003411A3 /* XDAlertController.m in Sources */ = {isa = PBXBuildFile; fileRef = 61B4CCC51DD30466003411A3 /* XDAlertController.m */; };
		61FA6F7B1DBDD6260035ED8E /* DZXBarButtonItem.m in Sources */ = {isa = PBXBuildFile; fileRef = 61FA6F761DBDD6260035ED8E /* DZXBarButtonItem.m */; };
		61FA6F7C1DBDD6260035ED8E /* DZXNavigationController.m in Sources */ = {isa = PBXBuildFile; fileRef = 61FA6F781DBDD6260035ED8E /* DZXNavigationController.m */; };
		61FA6F7D1DBDD6260035ED8E /* DZXViewController.m in Sources */ = {isa = PBXBuildFile; fileRef = 61FA6F7A1DBDD6260035ED8E /* DZXViewController.m */; };
		61FA6F801DBDDF1B0035ED8E /* DIHomeViewController.m in Sources */ = {isa = PBXBuildFile; fileRef = 61FA6F7F1DBDDF1B0035ED8E /* DIHomeViewController.m */; };
		61FA6F861DBDE1380035ED8E /* DITabBarController.m in Sources */ = {isa = PBXBuildFile; fileRef = 61FA6F851DBDE1380035ED8E /* DITabBarController.m */; };
		61FA6F9B1DBDEB670035ED8E /* DIMineViewController.m in Sources */ = {isa = PBXBuildFile; fileRef = 61FA6F9A1DBDEB670035ED8E /* DIMineViewController.m */; };
		61FA6FA01DBDF5D10035ED8E /* DINavgationController.m in Sources */ = {isa = PBXBuildFile; fileRef = 61FA6F9F1DBDF5D10035ED8E /* DINavgationController.m */; };
		61FA6FFE1DBE02540035ED8E /* DIDrawViewController.m in Sources */ = {isa = PBXBuildFile; fileRef = 61FA6FFD1DBE02540035ED8E /* DIDrawViewController.m */; };
		61FA70271DBE0ED10035ED8E /* CGRect+Extensions.m in Sources */ = {isa = PBXBuildFile; fileRef = 61FA700D1DBE0ED10035ED8E /* CGRect+Extensions.m */; };
		61FA70281DBE0ED10035ED8E /* GTMNSString+HTML.m in Sources */ = {isa = PBXBuildFile; fileRef = 61FA700F1DBE0ED10035ED8E /* GTMNSString+HTML.m */; };
		61FA70291DBE0ED10035ED8E /* NSArray+Extensions.m in Sources */ = {isa = PBXBuildFile; fileRef = 61FA70111DBE0ED10035ED8E /* NSArray+Extensions.m */; };
		61FA702A1DBE0ED10035ED8E /* NSData+Extensions.m in Sources */ = {isa = PBXBuildFile; fileRef = 61FA70131DBE0ED10035ED8E /* NSData+Extensions.m */; };
		61FA702B1DBE0ED10035ED8E /* NSDate+Extensions.m in Sources */ = {isa = PBXBuildFile; fileRef = 61FA70151DBE0ED10035ED8E /* NSDate+Extensions.m */; };
		61FA702C1DBE0ED10035ED8E /* NSObject+Extensions.m in Sources */ = {isa = PBXBuildFile; fileRef = 61FA70171DBE0ED10035ED8E /* NSObject+Extensions.m */; };
		61FA702D1DBE0ED10035ED8E /* NSString+Extensions.m in Sources */ = {isa = PBXBuildFile; fileRef = 61FA70191DBE0ED10035ED8E /* NSString+Extensions.m */; };
		61FA702E1DBE0ED10035ED8E /* NSString+HTML.m in Sources */ = {isa = PBXBuildFile; fileRef = 61FA701B1DBE0ED10035ED8E /* NSString+HTML.m */; };
		61FA702F1DBE0ED10035ED8E /* UIActionSheet+Blocks.m in Sources */ = {isa = PBXBuildFile; fileRef = 61FA701D1DBE0ED10035ED8E /* UIActionSheet+Blocks.m */; };
		61FA70301DBE0ED10035ED8E /* UIColor+Extensions.m in Sources */ = {isa = PBXBuildFile; fileRef = 61FA701F1DBE0ED10035ED8E /* UIColor+Extensions.m */; };
		61FA70311DBE0ED10035ED8E /* UIControl+Extensions.m in Sources */ = {isa = PBXBuildFile; fileRef = 61FA70211DBE0ED10035ED8E /* UIControl+Extensions.m */; };
		61FA70321DBE0ED10035ED8E /* UIImage+Extensions.m in Sources */ = {isa = PBXBuildFile; fileRef = 61FA70231DBE0ED10035ED8E /* UIImage+Extensions.m */; };
		61FA70331DBE0ED10035ED8E /* UIView+Extensions.m in Sources */ = {isa = PBXBuildFile; fileRef = 61FA70251DBE0ED10035ED8E /* UIView+Extensions.m */; };
		981DF21924EEF1A9BD0FFA38 /* libPods.a in Frameworks */ = {isa = PBXBuildFile; fileRef = 308328A01C75804F60DDE938 /* libPods.a */; };
/* End PBXBuildFile section */

/* Begin PBXContainerItemProxy section */
		6141C8941DBDBA2B002EEBD7 /* PBXContainerItemProxy */ = {
			isa = PBXContainerItemProxy;
			containerPortal = 6141C8721DBDBA2B002EEBD7 /* Project object */;
			proxyType = 1;
			remoteGlobalIDString = 6141C8791DBDBA2B002EEBD7;
			remoteInfo = DrawIt;
		};
		6141C89F1DBDBA2B002EEBD7 /* PBXContainerItemProxy */ = {
			isa = PBXContainerItemProxy;
			containerPortal = 6141C8721DBDBA2B002EEBD7 /* Project object */;
			proxyType = 1;
			remoteGlobalIDString = 6141C8791DBDBA2B002EEBD7;
			remoteInfo = DrawIt;
		};
/* End PBXContainerItemProxy section */

/* Begin PBXFileReference section */
		308328A01C75804F60DDE938 /* libPods.a */ = {isa = PBXFileReference; explicitFileType = archive.ar; includeInIndex = 0; path = libPods.a; sourceTree = BUILT_PRODUCTS_DIR; };
		30BADEE402B3C2F3546CF6BB /* Pods.release.xcconfig */ = {isa = PBXFileReference; includeInIndex = 1; lastKnownFileType = text.xcconfig; name = Pods.release.xcconfig; path = "Pods/Target Support Files/Pods/Pods.release.xcconfig"; sourceTree = "<group>"; };
		6124077E1DBDC47A006FFAF4 /* DIBaseViewController.h */ = {isa = PBXFileReference; fileEncoding = 4; lastKnownFileType = sourcecode.c.h; path = DIBaseViewController.h; sourceTree = "<group>"; };
		6124077F1DBDC47A006FFAF4 /* DIBaseViewController.m */ = {isa = PBXFileReference; fileEncoding = 4; lastKnownFileType = sourcecode.c.objc; path = DIBaseViewController.m; sourceTree = "<group>"; };
		612407881DBDCAA8006FFAF4 /* PrefixHeader.pch */ = {isa = PBXFileReference; lastKnownFileType = sourcecode.c.h; path = PrefixHeader.pch; sourceTree = "<group>"; };
		6124078A1DBDCE66006FFAF4 /* BaseMacros.h */ = {isa = PBXFileReference; fileEncoding = 4; lastKnownFileType = sourcecode.c.h; path = BaseMacros.h; sourceTree = "<group>"; };
		6124078B1DBDCE74006FFAF4 /* ConfigMacros.h */ = {isa = PBXFileReference; lastKnownFileType = sourcecode.c.h; path = ConfigMacros.h; sourceTree = "<group>"; };
		6141C87A1DBDBA2B002EEBD7 /* DrawIt.app */ = {isa = PBXFileReference; explicitFileType = wrapper.application; includeInIndex = 0; path = DrawIt.app; sourceTree = BUILT_PRODUCTS_DIR; };
		6141C87E1DBDBA2B002EEBD7 /* main.m */ = {isa = PBXFileReference; lastKnownFileType = sourcecode.c.objc; path = main.m; sourceTree = "<group>"; };
		6141C8801DBDBA2B002EEBD7 /* AppDelegate.h */ = {isa = PBXFileReference; lastKnownFileType = sourcecode.c.h; path = AppDelegate.h; sourceTree = "<group>"; };
		6141C8811DBDBA2B002EEBD7 /* AppDelegate.m */ = {isa = PBXFileReference; lastKnownFileType = sourcecode.c.objc; path = AppDelegate.m; sourceTree = "<group>"; };
		6141C8891DBDBA2B002EEBD7 /* Assets.xcassets */ = {isa = PBXFileReference; lastKnownFileType = folder.assetcatalog; path = Assets.xcassets; sourceTree = "<group>"; };
		6141C88E1DBDBA2B002EEBD7 /* Info.plist */ = {isa = PBXFileReference; lastKnownFileType = text.plist.xml; path = Info.plist; sourceTree = "<group>"; };
		6141C8931DBDBA2B002EEBD7 /* DrawItTests.xctest */ = {isa = PBXFileReference; explicitFileType = wrapper.cfbundle; includeInIndex = 0; path = DrawItTests.xctest; sourceTree = BUILT_PRODUCTS_DIR; };
		6141C8971DBDBA2B002EEBD7 /* DrawItTests.m */ = {isa = PBXFileReference; lastKnownFileType = sourcecode.c.objc; path = DrawItTests.m; sourceTree = "<group>"; };
		6141C8991DBDBA2B002EEBD7 /* Info.plist */ = {isa = PBXFileReference; lastKnownFileType = text.plist.xml; path = Info.plist; sourceTree = "<group>"; };
		6141C89E1DBDBA2B002EEBD7 /* DrawItUITests.xctest */ = {isa = PBXFileReference; explicitFileType = wrapper.cfbundle; includeInIndex = 0; path = DrawItUITests.xctest; sourceTree = BUILT_PRODUCTS_DIR; };
		6141C8A21DBDBA2B002EEBD7 /* DrawItUITests.m */ = {isa = PBXFileReference; lastKnownFileType = sourcecode.c.objc; path = DrawItUITests.m; sourceTree = "<group>"; };
		6141C8A41DBDBA2B002EEBD7 /* Info.plist */ = {isa = PBXFileReference; lastKnownFileType = text.plist.xml; path = Info.plist; sourceTree = "<group>"; };
		6172E10D1DC208B7003FD670 /* DrawingCore.h */ = {isa = PBXFileReference; fileEncoding = 4; lastKnownFileType = sourcecode.c.h; path = DrawingCore.h; sourceTree = "<group>"; };
		6172E10F1DC208B7003FD670 /* DIPenModel.h */ = {isa = PBXFileReference; fileEncoding = 4; lastKnownFileType = sourcecode.c.h; path = DIPenModel.h; sourceTree = "<group>"; };
		6172E1101DC208B7003FD670 /* DIPenModel.m */ = {isa = PBXFileReference; fileEncoding = 4; lastKnownFileType = sourcecode.c.objc; path = DIPenModel.m; sourceTree = "<group>"; };
		6172E1111DC208B7003FD670 /* DIPointModel.h */ = {isa = PBXFileReference; fileEncoding = 4; lastKnownFileType = sourcecode.c.h; path = DIPointModel.h; sourceTree = "<group>"; };
		6172E1121DC208B7003FD670 /* DIPointModel.m */ = {isa = PBXFileReference; fileEncoding = 4; lastKnownFileType = sourcecode.c.objc; path = DIPointModel.m; sourceTree = "<group>"; };
		6172E1141DC208B7003FD670 /* DIDrawingToolBar.h */ = {isa = PBXFileReference; fileEncoding = 4; lastKnownFileType = sourcecode.c.h; path = DIDrawingToolBar.h; sourceTree = "<group>"; };
		6172E1151DC208B7003FD670 /* DIDrawingToolBar.m */ = {isa = PBXFileReference; fileEncoding = 4; lastKnownFileType = sourcecode.c.objc; path = DIDrawingToolBar.m; sourceTree = "<group>"; };
		6172E1161DC208B7003FD670 /* DIDrawingView.h */ = {isa = PBXFileReference; fileEncoding = 4; lastKnownFileType = sourcecode.c.h; path = DIDrawingView.h; sourceTree = "<group>"; };
		6172E1171DC208B7003FD670 /* DIDrawingView.m */ = {isa = PBXFileReference; fileEncoding = 4; lastKnownFileType = sourcecode.c.objc; path = DIDrawingView.m; sourceTree = "<group>"; };
		6172E15E1DC87903003FD670 /* ANImageBitmapRep.h */ = {isa = PBXFileReference; fileEncoding = 4; lastKnownFileType = sourcecode.c.h; path = ANImageBitmapRep.h; sourceTree = "<group>"; };
		6172E15F1DC87903003FD670 /* ANImageBitmapRep.m */ = {isa = PBXFileReference; fileEncoding = 4; lastKnownFileType = sourcecode.c.objc; path = ANImageBitmapRep.m; sourceTree = "<group>"; };
		6172E1601DC87903003FD670 /* BitmapContextRep.h */ = {isa = PBXFileReference; fileEncoding = 4; lastKnownFileType = sourcecode.c.h; path = BitmapContextRep.h; sourceTree = "<group>"; };
		6172E1611DC87903003FD670 /* BitmapContextRep.m */ = {isa = PBXFileReference; fileEncoding = 4; lastKnownFileType = sourcecode.c.objc; path = BitmapContextRep.m; sourceTree = "<group>"; };
		6172E1631DC87903003FD670 /* NSImage+ANImageBitmapRep.h */ = {isa = PBXFileReference; fileEncoding = 4; lastKnownFileType = sourcecode.c.h; path = "NSImage+ANImageBitmapRep.h"; sourceTree = "<group>"; };
		6172E1641DC87903003FD670 /* NSImage+ANImageBitmapRep.m */ = {isa = PBXFileReference; fileEncoding = 4; lastKnownFileType = sourcecode.c.objc; path = "NSImage+ANImageBitmapRep.m"; sourceTree = "<group>"; };
		6172E1651DC87903003FD670 /* OSCommonImage.h */ = {isa = PBXFileReference; fileEncoding = 4; lastKnownFileType = sourcecode.c.h; path = OSCommonImage.h; sourceTree = "<group>"; };
		6172E1661DC87903003FD670 /* OSCommonImage.m */ = {isa = PBXFileReference; fileEncoding = 4; lastKnownFileType = sourcecode.c.objc; path = OSCommonImage.m; sourceTree = "<group>"; };
		6172E1671DC87903003FD670 /* UIImage+ANImageBitmapRep.h */ = {isa = PBXFileReference; fileEncoding = 4; lastKnownFileType = sourcecode.c.h; path = "UIImage+ANImageBitmapRep.h"; sourceTree = "<group>"; };
		6172E1681DC87903003FD670 /* UIImage+ANImageBitmapRep.m */ = {isa = PBXFileReference; fileEncoding = 4; lastKnownFileType = sourcecode.c.objc; path = "UIImage+ANImageBitmapRep.m"; sourceTree = "<group>"; };
		6172E16A1DC87903003FD670 /* CGContextCreator.h */ = {isa = PBXFileReference; fileEncoding = 4; lastKnownFileType = sourcecode.c.h; path = CGContextCreator.h; sourceTree = "<group>"; };
		6172E16B1DC87903003FD670 /* CGContextCreator.m */ = {isa = PBXFileReference; fileEncoding = 4; lastKnownFileType = sourcecode.c.objc; path = CGContextCreator.m; sourceTree = "<group>"; };
		6172E16C1DC87903003FD670 /* CGImageContainer.h */ = {isa = PBXFileReference; fileEncoding = 4; lastKnownFileType = sourcecode.c.h; path = CGImageContainer.h; sourceTree = "<group>"; };
		6172E16D1DC87903003FD670 /* CGImageContainer.m */ = {isa = PBXFileReference; fileEncoding = 4; lastKnownFileType = sourcecode.c.objc; path = CGImageContainer.m; sourceTree = "<group>"; };
		6172E16F1DC87903003FD670 /* BitmapContextManipulator.h */ = {isa = PBXFileReference; fileEncoding = 4; lastKnownFileType = sourcecode.c.h; path = BitmapContextManipulator.h; sourceTree = "<group>"; };
		6172E1701DC87903003FD670 /* BitmapContextManipulator.m */ = {isa = PBXFileReference; fileEncoding = 4; lastKnownFileType = sourcecode.c.objc; path = BitmapContextManipulator.m; sourceTree = "<group>"; };
		6172E1711DC87903003FD670 /* BitmapCropManipulator.h */ = {isa = PBXFileReference; fileEncoding = 4; lastKnownFileType = sourcecode.c.h; path = BitmapCropManipulator.h; sourceTree = "<group>"; };
		6172E1721DC87903003FD670 /* BitmapCropManipulator.m */ = {isa = PBXFileReference; fileEncoding = 4; lastKnownFileType = sourcecode.c.objc; path = BitmapCropManipulator.m; sourceTree = "<group>"; };
		6172E1731DC87903003FD670 /* BitmapDrawManipulator.h */ = {isa = PBXFileReference; fileEncoding = 4; lastKnownFileType = sourcecode.c.h; path = BitmapDrawManipulator.h; sourceTree = "<group>"; };
		6172E1741DC87903003FD670 /* BitmapDrawManipulator.m */ = {isa = PBXFileReference; fileEncoding = 4; lastKnownFileType = sourcecode.c.objc; path = BitmapDrawManipulator.m; sourceTree = "<group>"; };
		6172E1751DC87903003FD670 /* BitmapRotationManipulator.h */ = {isa = PBXFileReference; fileEncoding = 4; lastKnownFileType = sourcecode.c.h; path = BitmapRotationManipulator.h; sourceTree = "<group>"; };
		6172E1761DC87903003FD670 /* BitmapRotationManipulator.m */ = {isa = PBXFileReference; fileEncoding = 4; lastKnownFileType = sourcecode.c.objc; path = BitmapRotationManipulator.m; sourceTree = "<group>"; };
		6172E1771DC87903003FD670 /* BitmapScaleManipulator.h */ = {isa = PBXFileReference; fileEncoding = 4; lastKnownFileType = sourcecode.c.h; path = BitmapScaleManipulator.h; sourceTree = "<group>"; };
		6172E1781DC87903003FD670 /* BitmapScaleManipulator.m */ = {isa = PBXFileReference; fileEncoding = 4; lastKnownFileType = sourcecode.c.objc; path = BitmapScaleManipulator.m; sourceTree = "<group>"; };
		6172E1791DC87903003FD670 /* BGRSLoupeLayer.h */ = {isa = PBXFileReference; fileEncoding = 4; lastKnownFileType = sourcecode.c.h; path = BGRSLoupeLayer.h; sourceTree = "<group>"; };
		6172E17A1DC87903003FD670 /* BGRSLoupeLayer.m */ = {isa = PBXFileReference; fileEncoding = 4; lastKnownFileType = sourcecode.c.objc; path = BGRSLoupeLayer.m; sourceTree = "<group>"; };
		6172E17B1DC87903003FD670 /* RSColorFunctions.h */ = {isa = PBXFileReference; fileEncoding = 4; lastKnownFileType = sourcecode.c.h; path = RSColorFunctions.h; sourceTree = "<group>"; };
		6172E17C1DC87903003FD670 /* RSColorFunctions.m */ = {isa = PBXFileReference; fileEncoding = 4; lastKnownFileType = sourcecode.c.objc; path = RSColorFunctions.m; sourceTree = "<group>"; };
		6172E17D1DC87903003FD670 /* RSColorPickerState.h */ = {isa = PBXFileReference; fileEncoding = 4; lastKnownFileType = sourcecode.c.h; path = RSColorPickerState.h; sourceTree = "<group>"; };
		6172E17E1DC87903003FD670 /* RSColorPickerState.m */ = {isa = PBXFileReference; fileEncoding = 4; lastKnownFileType = sourcecode.c.objc; path = RSColorPickerState.m; sourceTree = "<group>"; };
		6172E17F1DC87903003FD670 /* RSColorPickerView.h */ = {isa = PBXFileReference; fileEncoding = 4; lastKnownFileType = sourcecode.c.h; path = RSColorPickerView.h; sourceTree = "<group>"; };
		6172E1801DC87903003FD670 /* RSColorPickerView.m */ = {isa = PBXFileReference; fileEncoding = 4; lastKnownFileType = sourcecode.c.objc; path = RSColorPickerView.m; sourceTree = "<group>"; };
		6172E1811DC87903003FD670 /* RSGenerateOperation.h */ = {isa = PBXFileReference; fileEncoding = 4; lastKnownFileType = sourcecode.c.h; path = RSGenerateOperation.h; sourceTree = "<group>"; };
		6172E1821DC87903003FD670 /* RSGenerateOperation.m */ = {isa = PBXFileReference; fileEncoding = 4; lastKnownFileType = sourcecode.c.objc; path = RSGenerateOperation.m; sourceTree = "<group>"; };
		6172E1831DC87903003FD670 /* RSSelectionLayer.h */ = {isa = PBXFileReference; fileEncoding = 4; lastKnownFileType = sourcecode.c.h; path = RSSelectionLayer.h; sourceTree = "<group>"; };
		6172E1841DC87903003FD670 /* RSSelectionLayer.m */ = {isa = PBXFileReference; fileEncoding = 4; lastKnownFileType = sourcecode.c.objc; path = RSSelectionLayer.m; sourceTree = "<group>"; };
		6172E1971DC8796C003FD670 /* DIColorPickerViewController.h */ = {isa = PBXFileReference; fileEncoding = 4; lastKnownFileType = sourcecode.c.h; path = DIColorPickerViewController.h; sourceTree = "<group>"; };
		6172E1981DC8796C003FD670 /* DIColorPickerViewController.m */ = {isa = PBXFileReference; fileEncoding = 4; lastKnownFileType = sourcecode.c.objc; path = DIColorPickerViewController.m; sourceTree = "<group>"; };
		61A418421DD0439400745071 /* VFileManager.h */ = {isa = PBXFileReference; fileEncoding = 4; lastKnownFileType = sourcecode.c.h; path = VFileManager.h; sourceTree = "<group>"; };
		61A418431DD0439400745071 /* VFileManager.m */ = {isa = PBXFileReference; fileEncoding = 4; lastKnownFileType = sourcecode.c.objc; path = VFileManager.m; sourceTree = "<group>"; };
		61A418441DD0439400745071 /* DICacheManager.h */ = {isa = PBXFileReference; fileEncoding = 4; lastKnownFileType = sourcecode.c.h; path = DICacheManager.h; sourceTree = "<group>"; };
		61A418451DD0439400745071 /* DICacheManager.m */ = {isa = PBXFileReference; fileEncoding = 4; lastKnownFileType = sourcecode.c.objc; path = DICacheManager.m; sourceTree = "<group>"; };
		61A418511DD05EE500745071 /* DIPaintCollectionViewCell.h */ = {isa = PBXFileReference; fileEncoding = 4; lastKnownFileType = sourcecode.c.h; path = DIPaintCollectionViewCell.h; sourceTree = "<group>"; };
		61A418521DD05EE500745071 /* DIPaintCollectionViewCell.m */ = {isa = PBXFileReference; fileEncoding = 4; lastKnownFileType = sourcecode.c.objc; path = DIPaintCollectionViewCell.m; sourceTree = "<group>"; };
		61A418541DD0795500745071 /* DIPaintInfoModel.h */ = {isa = PBXFileReference; fileEncoding = 4; lastKnownFileType = sourcecode.c.h; path = DIPaintInfoModel.h; sourceTree = "<group>"; };
		61A418551DD0795500745071 /* DIPaintInfoModel.m */ = {isa = PBXFileReference; fileEncoding = 4; lastKnownFileType = sourcecode.c.objc; path = DIPaintInfoModel.m; sourceTree = "<group>"; };
		61B4CCC41DD30466003411A3 /* XDAlertController.h */ = {isa = PBXFileReference; fileEncoding = 4; lastKnownFileType = sourcecode.c.h; path = XDAlertController.h; sourceTree = "<group>"; };
		61B4CCC51DD30466003411A3 /* XDAlertController.m */ = {isa = PBXFileReference; fileEncoding = 4; lastKnownFileType = sourcecode.c.objc; path = XDAlertController.m; sourceTree = "<group>"; };
		61FA6F731DBDD39D0035ED8E /* BaseImport.h */ = {isa = PBXFileReference; lastKnownFileType = sourcecode.c.h; path = BaseImport.h; sourceTree = "<group>"; };
		61FA6F751DBDD6260035ED8E /* DZXBarButtonItem.h */ = {isa = PBXFileReference; fileEncoding = 4; lastKnownFileType = sourcecode.c.h; path = DZXBarButtonItem.h; sourceTree = "<group>"; };
		61FA6F761DBDD6260035ED8E /* DZXBarButtonItem.m */ = {isa = PBXFileReference; fileEncoding = 4; lastKnownFileType = sourcecode.c.objc; path = DZXBarButtonItem.m; sourceTree = "<group>"; };
		61FA6F771DBDD6260035ED8E /* DZXNavigationController.h */ = {isa = PBXFileReference; fileEncoding = 4; lastKnownFileType = sourcecode.c.h; path = DZXNavigationController.h; sourceTree = "<group>"; };
		61FA6F781DBDD6260035ED8E /* DZXNavigationController.m */ = {isa = PBXFileReference; fileEncoding = 4; lastKnownFileType = sourcecode.c.objc; path = DZXNavigationController.m; sourceTree = "<group>"; };
		61FA6F791DBDD6260035ED8E /* DZXViewController.h */ = {isa = PBXFileReference; fileEncoding = 4; lastKnownFileType = sourcecode.c.h; path = DZXViewController.h; sourceTree = "<group>"; };
		61FA6F7A1DBDD6260035ED8E /* DZXViewController.m */ = {isa = PBXFileReference; fileEncoding = 4; lastKnownFileType = sourcecode.c.objc; path = DZXViewController.m; sourceTree = "<group>"; };
		61FA6F7E1DBDDF1B0035ED8E /* DIHomeViewController.h */ = {isa = PBXFileReference; fileEncoding = 4; lastKnownFileType = sourcecode.c.h; path = DIHomeViewController.h; sourceTree = "<group>"; };
		61FA6F7F1DBDDF1B0035ED8E /* DIHomeViewController.m */ = {isa = PBXFileReference; fileEncoding = 4; lastKnownFileType = sourcecode.c.objc; path = DIHomeViewController.m; sourceTree = "<group>"; };
		61FA6F841DBDE1380035ED8E /* DITabBarController.h */ = {isa = PBXFileReference; fileEncoding = 4; lastKnownFileType = sourcecode.c.h; path = DITabBarController.h; sourceTree = "<group>"; };
		61FA6F851DBDE1380035ED8E /* DITabBarController.m */ = {isa = PBXFileReference; fileEncoding = 4; lastKnownFileType = sourcecode.c.objc; path = DITabBarController.m; sourceTree = "<group>"; };
		61FA6F991DBDEB670035ED8E /* DIMineViewController.h */ = {isa = PBXFileReference; fileEncoding = 4; lastKnownFileType = sourcecode.c.h; path = DIMineViewController.h; sourceTree = "<group>"; };
		61FA6F9A1DBDEB670035ED8E /* DIMineViewController.m */ = {isa = PBXFileReference; fileEncoding = 4; lastKnownFileType = sourcecode.c.objc; path = DIMineViewController.m; sourceTree = "<group>"; };
		61FA6F9D1DBDF3890035ED8E /* PodImport.h */ = {isa = PBXFileReference; fileEncoding = 4; lastKnownFileType = sourcecode.c.h; path = PodImport.h; sourceTree = "<group>"; };
		61FA6F9E1DBDF5D10035ED8E /* DINavgationController.h */ = {isa = PBXFileReference; fileEncoding = 4; lastKnownFileType = sourcecode.c.h; path = DINavgationController.h; sourceTree = "<group>"; };
		61FA6F9F1DBDF5D10035ED8E /* DINavgationController.m */ = {isa = PBXFileReference; fileEncoding = 4; lastKnownFileType = sourcecode.c.objc; path = DINavgationController.m; sourceTree = "<group>"; };
		61FA6FFC1DBE02540035ED8E /* DIDrawViewController.h */ = {isa = PBXFileReference; fileEncoding = 4; lastKnownFileType = sourcecode.c.h; path = DIDrawViewController.h; sourceTree = "<group>"; };
		61FA6FFD1DBE02540035ED8E /* DIDrawViewController.m */ = {isa = PBXFileReference; fileEncoding = 4; lastKnownFileType = sourcecode.c.objc; path = DIDrawViewController.m; sourceTree = "<group>"; };
		61FA700C1DBE0ED10035ED8E /* CGRect+Extensions.h */ = {isa = PBXFileReference; fileEncoding = 4; lastKnownFileType = sourcecode.c.h; path = "CGRect+Extensions.h"; sourceTree = "<group>"; };
		61FA700D1DBE0ED10035ED8E /* CGRect+Extensions.m */ = {isa = PBXFileReference; fileEncoding = 4; lastKnownFileType = sourcecode.c.objc; path = "CGRect+Extensions.m"; sourceTree = "<group>"; };
		61FA700E1DBE0ED10035ED8E /* GTMNSString+HTML.h */ = {isa = PBXFileReference; fileEncoding = 4; lastKnownFileType = sourcecode.c.h; path = "GTMNSString+HTML.h"; sourceTree = "<group>"; };
		61FA700F1DBE0ED10035ED8E /* GTMNSString+HTML.m */ = {isa = PBXFileReference; fileEncoding = 4; lastKnownFileType = sourcecode.c.objc; path = "GTMNSString+HTML.m"; sourceTree = "<group>"; };
		61FA70101DBE0ED10035ED8E /* NSArray+Extensions.h */ = {isa = PBXFileReference; fileEncoding = 4; lastKnownFileType = sourcecode.c.h; path = "NSArray+Extensions.h"; sourceTree = "<group>"; };
		61FA70111DBE0ED10035ED8E /* NSArray+Extensions.m */ = {isa = PBXFileReference; fileEncoding = 4; lastKnownFileType = sourcecode.c.objc; path = "NSArray+Extensions.m"; sourceTree = "<group>"; };
		61FA70121DBE0ED10035ED8E /* NSData+Extensions.h */ = {isa = PBXFileReference; fileEncoding = 4; lastKnownFileType = sourcecode.c.h; path = "NSData+Extensions.h"; sourceTree = "<group>"; };
		61FA70131DBE0ED10035ED8E /* NSData+Extensions.m */ = {isa = PBXFileReference; fileEncoding = 4; lastKnownFileType = sourcecode.c.objc; path = "NSData+Extensions.m"; sourceTree = "<group>"; };
		61FA70141DBE0ED10035ED8E /* NSDate+Extensions.h */ = {isa = PBXFileReference; fileEncoding = 4; lastKnownFileType = sourcecode.c.h; path = "NSDate+Extensions.h"; sourceTree = "<group>"; };
		61FA70151DBE0ED10035ED8E /* NSDate+Extensions.m */ = {isa = PBXFileReference; fileEncoding = 4; lastKnownFileType = sourcecode.c.objc; path = "NSDate+Extensions.m"; sourceTree = "<group>"; };
		61FA70161DBE0ED10035ED8E /* NSObject+Extensions.h */ = {isa = PBXFileReference; fileEncoding = 4; lastKnownFileType = sourcecode.c.h; path = "NSObject+Extensions.h"; sourceTree = "<group>"; };
		61FA70171DBE0ED10035ED8E /* NSObject+Extensions.m */ = {isa = PBXFileReference; fileEncoding = 4; lastKnownFileType = sourcecode.c.objc; path = "NSObject+Extensions.m"; sourceTree = "<group>"; };
		61FA70181DBE0ED10035ED8E /* NSString+Extensions.h */ = {isa = PBXFileReference; fileEncoding = 4; lastKnownFileType = sourcecode.c.h; path = "NSString+Extensions.h"; sourceTree = "<group>"; };
		61FA70191DBE0ED10035ED8E /* NSString+Extensions.m */ = {isa = PBXFileReference; fileEncoding = 4; lastKnownFileType = sourcecode.c.objc; path = "NSString+Extensions.m"; sourceTree = "<group>"; };
		61FA701A1DBE0ED10035ED8E /* NSString+HTML.h */ = {isa = PBXFileReference; fileEncoding = 4; lastKnownFileType = sourcecode.c.h; path = "NSString+HTML.h"; sourceTree = "<group>"; };
		61FA701B1DBE0ED10035ED8E /* NSString+HTML.m */ = {isa = PBXFileReference; fileEncoding = 4; lastKnownFileType = sourcecode.c.objc; path = "NSString+HTML.m"; sourceTree = "<group>"; };
		61FA701C1DBE0ED10035ED8E /* UIActionSheet+Blocks.h */ = {isa = PBXFileReference; fileEncoding = 4; lastKnownFileType = sourcecode.c.h; path = "UIActionSheet+Blocks.h"; sourceTree = "<group>"; };
		61FA701D1DBE0ED10035ED8E /* UIActionSheet+Blocks.m */ = {isa = PBXFileReference; fileEncoding = 4; lastKnownFileType = sourcecode.c.objc; path = "UIActionSheet+Blocks.m"; sourceTree = "<group>"; };
		61FA701E1DBE0ED10035ED8E /* UIColor+Extensions.h */ = {isa = PBXFileReference; fileEncoding = 4; lastKnownFileType = sourcecode.c.h; path = "UIColor+Extensions.h"; sourceTree = "<group>"; };
		61FA701F1DBE0ED10035ED8E /* UIColor+Extensions.m */ = {isa = PBXFileReference; fileEncoding = 4; lastKnownFileType = sourcecode.c.objc; path = "UIColor+Extensions.m"; sourceTree = "<group>"; };
		61FA70201DBE0ED10035ED8E /* UIControl+Extensions.h */ = {isa = PBXFileReference; fileEncoding = 4; lastKnownFileType = sourcecode.c.h; path = "UIControl+Extensions.h"; sourceTree = "<group>"; };
		61FA70211DBE0ED10035ED8E /* UIControl+Extensions.m */ = {isa = PBXFileReference; fileEncoding = 4; lastKnownFileType = sourcecode.c.objc; path = "UIControl+Extensions.m"; sourceTree = "<group>"; };
		61FA70221DBE0ED10035ED8E /* UIImage+Extensions.h */ = {isa = PBXFileReference; fileEncoding = 4; lastKnownFileType = sourcecode.c.h; path = "UIImage+Extensions.h"; sourceTree = "<group>"; };
		61FA70231DBE0ED10035ED8E /* UIImage+Extensions.m */ = {isa = PBXFileReference; fileEncoding = 4; lastKnownFileType = sourcecode.c.objc; path = "UIImage+Extensions.m"; sourceTree = "<group>"; };
		61FA70241DBE0ED10035ED8E /* UIView+Extensions.h */ = {isa = PBXFileReference; fileEncoding = 4; lastKnownFileType = sourcecode.c.h; path = "UIView+Extensions.h"; sourceTree = "<group>"; };
		61FA70251DBE0ED10035ED8E /* UIView+Extensions.m */ = {isa = PBXFileReference; fileEncoding = 4; lastKnownFileType = sourcecode.c.objc; path = "UIView+Extensions.m"; sourceTree = "<group>"; };
		61FA70261DBE0ED10035ED8E /* VExtensions.h */ = {isa = PBXFileReference; fileEncoding = 4; lastKnownFileType = sourcecode.c.h; path = VExtensions.h; sourceTree = "<group>"; };
		85C3ACF3CFC9FB0C86D95DFB /* Pods.debug.xcconfig */ = {isa = PBXFileReference; includeInIndex = 1; lastKnownFileType = text.xcconfig; name = Pods.debug.xcconfig; path = "Pods/Target Support Files/Pods/Pods.debug.xcconfig"; sourceTree = "<group>"; };
/* End PBXFileReference section */

/* Begin PBXFrameworksBuildPhase section */
		6141C8771DBDBA2B002EEBD7 /* Frameworks */ = {
			isa = PBXFrameworksBuildPhase;
			buildActionMask = 2147483647;
			files = (
				981DF21924EEF1A9BD0FFA38 /* libPods.a in Frameworks */,
			);
			runOnlyForDeploymentPostprocessing = 0;
		};
		6141C8901DBDBA2B002EEBD7 /* Frameworks */ = {
			isa = PBXFrameworksBuildPhase;
			buildActionMask = 2147483647;
			files = (
			);
			runOnlyForDeploymentPostprocessing = 0;
		};
		6141C89B1DBDBA2B002EEBD7 /* Frameworks */ = {
			isa = PBXFrameworksBuildPhase;
			buildActionMask = 2147483647;
			files = (
			);
			runOnlyForDeploymentPostprocessing = 0;
		};
/* End PBXFrameworksBuildPhase section */

/* Begin PBXGroup section */
		612407721DBDC3B7006FFAF4 /* Base */ = {
			isa = PBXGroup;
			children = (
				612407871DBDCA92006FFAF4 /* import */,
				612407811DBDC7AF006FFAF4 /* macros */,
				612407731DBDC3B7006FFAF4 /* controller */,
				612407741DBDC3B7006FFAF4 /* model */,
				612407751DBDC3B7006FFAF4 /* service */,
				612407761DBDC3B7006FFAF4 /* view */,
			);
			path = Base;
			sourceTree = "<group>";
		};
		612407731DBDC3B7006FFAF4 /* controller */ = {
			isa = PBXGroup;
			children = (
				61FA6F741DBDD6260035ED8E /* DZXNavigation */,
				6124077E1DBDC47A006FFAF4 /* DIBaseViewController.h */,
				6124077F1DBDC47A006FFAF4 /* DIBaseViewController.m */,
				61FA6F841DBDE1380035ED8E /* DITabBarController.h */,
				61FA6F851DBDE1380035ED8E /* DITabBarController.m */,
				61FA6F9E1DBDF5D10035ED8E /* DINavgationController.h */,
				61FA6F9F1DBDF5D10035ED8E /* DINavgationController.m */,
			);
			path = controller;
			sourceTree = "<group>";
		};
		612407741DBDC3B7006FFAF4 /* model */ = {
			isa = PBXGroup;
			children = (
			);
			path = model;
			sourceTree = "<group>";
		};
		612407751DBDC3B7006FFAF4 /* service */ = {
			isa = PBXGroup;
			children = (
			);
			path = service;
			sourceTree = "<group>";
		};
		612407761DBDC3B7006FFAF4 /* view */ = {
			isa = PBXGroup;
			children = (
			);
			path = view;
			sourceTree = "<group>";
		};
		612407781DBDC3B7006FFAF4 /* Home */ = {
			isa = PBXGroup;
			children = (
				612407791DBDC3B7006FFAF4 /* controller */,
				6124077A1DBDC3B7006FFAF4 /* model */,
				6124077B1DBDC3B7006FFAF4 /* service */,
				6124077C1DBDC3B7006FFAF4 /* view */,
			);
			path = Home;
			sourceTree = "<group>";
		};
		612407791DBDC3B7006FFAF4 /* controller */ = {
			isa = PBXGroup;
			children = (
				6172E15B1DC87706003FD670 /* DIColorPickViewController */,
				61FA6F7E1DBDDF1B0035ED8E /* DIHomeViewController.h */,
				61FA6F7F1DBDDF1B0035ED8E /* DIHomeViewController.m */,
				61FA6FFC1DBE02540035ED8E /* DIDrawViewController.h */,
				61FA6FFD1DBE02540035ED8E /* DIDrawViewController.m */,
			);
			path = controller;
			sourceTree = "<group>";
		};
		6124077A1DBDC3B7006FFAF4 /* model */ = {
			isa = PBXGroup;
			children = (
				61A418541DD0795500745071 /* DIPaintInfoModel.h */,
				61A418551DD0795500745071 /* DIPaintInfoModel.m */,
			);
			path = model;
			sourceTree = "<group>";
		};
		6124077B1DBDC3B7006FFAF4 /* service */ = {
			isa = PBXGroup;
			children = (
			);
			path = service;
			sourceTree = "<group>";
		};
		6124077C1DBDC3B7006FFAF4 /* view */ = {
			isa = PBXGroup;
			children = (
				61A418511DD05EE500745071 /* DIPaintCollectionViewCell.h */,
				61A418521DD05EE500745071 /* DIPaintCollectionViewCell.m */,
			);
			path = view;
			sourceTree = "<group>";
		};
		612407811DBDC7AF006FFAF4 /* macros */ = {
			isa = PBXGroup;
			children = (
				61FA6F731DBDD39D0035ED8E /* BaseImport.h */,
				61FA6F9D1DBDF3890035ED8E /* PodImport.h */,
				6124078A1DBDCE66006FFAF4 /* BaseMacros.h */,
				6124078B1DBDCE74006FFAF4 /* ConfigMacros.h */,
			);
			path = macros;
			sourceTree = "<group>";
		};
		612407871DBDCA92006FFAF4 /* import */ = {
			isa = PBXGroup;
			children = (
				612407881DBDCAA8006FFAF4 /* PrefixHeader.pch */,
			);
			path = import;
			sourceTree = "<group>";
		};
		6141C8711DBDBA2B002EEBD7 = {
			isa = PBXGroup;
			children = (
				6141C87C1DBDBA2B002EEBD7 /* DrawIt */,
				6141C8961DBDBA2B002EEBD7 /* DrawItTests */,
				6141C8A11DBDBA2B002EEBD7 /* DrawItUITests */,
				6141C87B1DBDBA2B002EEBD7 /* Products */,
				F33CF3E7903CEF142FF74CDD /* Pods */,
				F47DA1A6A53243F2A54DE21B /* Frameworks */,
			);
			sourceTree = "<group>";
		};
		6141C87B1DBDBA2B002EEBD7 /* Products */ = {
			isa = PBXGroup;
			children = (
				6141C87A1DBDBA2B002EEBD7 /* DrawIt.app */,
				6141C8931DBDBA2B002EEBD7 /* DrawItTests.xctest */,
				6141C89E1DBDBA2B002EEBD7 /* DrawItUITests.xctest */,
			);
			name = Products;
			sourceTree = "<group>";
		};
		6141C87C1DBDBA2B002EEBD7 /* DrawIt */ = {
			isa = PBXGroup;
			children = (
				6172E10B1DC208B7003FD670 /* DrawingCore */,
				612407721DBDC3B7006FFAF4 /* Base */,
				612407781DBDC3B7006FFAF4 /* Home */,
				61FA6F931DBDE9F40035ED8E /* Main */,
				61FA6FA11DBDFBFE0035ED8E /* Public */,
				6141C8801DBDBA2B002EEBD7 /* AppDelegate.h */,
				6141C8811DBDBA2B002EEBD7 /* AppDelegate.m */,
				6141C8891DBDBA2B002EEBD7 /* Assets.xcassets */,
				6141C88E1DBDBA2B002EEBD7 /* Info.plist */,
				6141C87D1DBDBA2B002EEBD7 /* Supporting Files */,
			);
			path = DrawIt;
			sourceTree = "<group>";
		};
		6141C87D1DBDBA2B002EEBD7 /* Supporting Files */ = {
			isa = PBXGroup;
			children = (
				6141C87E1DBDBA2B002EEBD7 /* main.m */,
			);
			name = "Supporting Files";
			sourceTree = "<group>";
		};
		6141C8961DBDBA2B002EEBD7 /* DrawItTests */ = {
			isa = PBXGroup;
			children = (
				6141C8971DBDBA2B002EEBD7 /* DrawItTests.m */,
				6141C8991DBDBA2B002EEBD7 /* Info.plist */,
			);
			path = DrawItTests;
			sourceTree = "<group>";
		};
		6141C8A11DBDBA2B002EEBD7 /* DrawItUITests */ = {
			isa = PBXGroup;
			children = (
				6141C8A21DBDBA2B002EEBD7 /* DrawItUITests.m */,
				6141C8A41DBDBA2B002EEBD7 /* Info.plist */,
			);
			path = DrawItUITests;
			sourceTree = "<group>";
		};
		6172E10B1DC208B7003FD670 /* DrawingCore */ = {
			isa = PBXGroup;
			children = (
				6172E10C1DC208B7003FD670 /* common */,
				6172E10E1DC208B7003FD670 /* model */,
				6172E1131DC208B7003FD670 /* view */,
			);
			path = DrawingCore;
			sourceTree = "<group>";
		};
		6172E10C1DC208B7003FD670 /* common */ = {
			isa = PBXGroup;
			children = (
				6172E10D1DC208B7003FD670 /* DrawingCore.h */,
			);
			path = common;
			sourceTree = "<group>";
		};
		6172E10E1DC208B7003FD670 /* model */ = {
			isa = PBXGroup;
			children = (
				6172E10F1DC208B7003FD670 /* DIPenModel.h */,
				6172E1101DC208B7003FD670 /* DIPenModel.m */,
				6172E1111DC208B7003FD670 /* DIPointModel.h */,
				6172E1121DC208B7003FD670 /* DIPointModel.m */,
			);
			path = model;
			sourceTree = "<group>";
		};
		6172E1131DC208B7003FD670 /* view */ = {
			isa = PBXGroup;
			children = (
				6172E1141DC208B7003FD670 /* DIDrawingToolBar.h */,
				6172E1151DC208B7003FD670 /* DIDrawingToolBar.m */,
				6172E1161DC208B7003FD670 /* DIDrawingView.h */,
				6172E1171DC208B7003FD670 /* DIDrawingView.m */,
			);
			path = view;
			sourceTree = "<group>";
		};
		6172E15B1DC87706003FD670 /* DIColorPickViewController */ = {
			isa = PBXGroup;
			children = (
				6172E15C1DC87903003FD670 /* ColorPickerClasses */,
				6172E1971DC8796C003FD670 /* DIColorPickerViewController.h */,
				6172E1981DC8796C003FD670 /* DIColorPickerViewController.m */,
			);
			path = DIColorPickViewController;
			sourceTree = "<group>";
		};
		6172E15C1DC87903003FD670 /* ColorPickerClasses */ = {
			isa = PBXGroup;
			children = (
				6172E15D1DC87903003FD670 /* ANImageBitmapRep */,
				6172E1791DC87903003FD670 /* BGRSLoupeLayer.h */,
				6172E17A1DC87903003FD670 /* BGRSLoupeLayer.m */,
				6172E17B1DC87903003FD670 /* RSColorFunctions.h */,
				6172E17C1DC87903003FD670 /* RSColorFunctions.m */,
				6172E17D1DC87903003FD670 /* RSColorPickerState.h */,
				6172E17E1DC87903003FD670 /* RSColorPickerState.m */,
				6172E17F1DC87903003FD670 /* RSColorPickerView.h */,
				6172E1801DC87903003FD670 /* RSColorPickerView.m */,
				6172E1811DC87903003FD670 /* RSGenerateOperation.h */,
				6172E1821DC87903003FD670 /* RSGenerateOperation.m */,
				6172E1831DC87903003FD670 /* RSSelectionLayer.h */,
				6172E1841DC87903003FD670 /* RSSelectionLayer.m */,
			);
			path = ColorPickerClasses;
			sourceTree = "<group>";
		};
		6172E15D1DC87903003FD670 /* ANImageBitmapRep */ = {
			isa = PBXGroup;
			children = (
				6172E15E1DC87903003FD670 /* ANImageBitmapRep.h */,
				6172E15F1DC87903003FD670 /* ANImageBitmapRep.m */,
				6172E1601DC87903003FD670 /* BitmapContextRep.h */,
				6172E1611DC87903003FD670 /* BitmapContextRep.m */,
				6172E1621DC87903003FD670 /* Compatibility */,
				6172E1691DC87903003FD670 /* CoreGraphics */,
				6172E16E1DC87903003FD670 /* Manipulators */,
			);
			path = ANImageBitmapRep;
			sourceTree = "<group>";
		};
		6172E1621DC87903003FD670 /* Compatibility */ = {
			isa = PBXGroup;
			children = (
				6172E1631DC87903003FD670 /* NSImage+ANImageBitmapRep.h */,
				6172E1641DC87903003FD670 /* NSImage+ANImageBitmapRep.m */,
				6172E1651DC87903003FD670 /* OSCommonImage.h */,
				6172E1661DC87903003FD670 /* OSCommonImage.m */,
				6172E1671DC87903003FD670 /* UIImage+ANImageBitmapRep.h */,
				6172E1681DC87903003FD670 /* UIImage+ANImageBitmapRep.m */,
			);
			path = Compatibility;
			sourceTree = "<group>";
		};
		6172E1691DC87903003FD670 /* CoreGraphics */ = {
			isa = PBXGroup;
			children = (
				6172E16A1DC87903003FD670 /* CGContextCreator.h */,
				6172E16B1DC87903003FD670 /* CGContextCreator.m */,
				6172E16C1DC87903003FD670 /* CGImageContainer.h */,
				6172E16D1DC87903003FD670 /* CGImageContainer.m */,
			);
			path = CoreGraphics;
			sourceTree = "<group>";
		};
		6172E16E1DC87903003FD670 /* Manipulators */ = {
			isa = PBXGroup;
			children = (
				6172E16F1DC87903003FD670 /* BitmapContextManipulator.h */,
				6172E1701DC87903003FD670 /* BitmapContextManipulator.m */,
				6172E1711DC87903003FD670 /* BitmapCropManipulator.h */,
				6172E1721DC87903003FD670 /* BitmapCropManipulator.m */,
				6172E1731DC87903003FD670 /* BitmapDrawManipulator.h */,
				6172E1741DC87903003FD670 /* BitmapDrawManipulator.m */,
				6172E1751DC87903003FD670 /* BitmapRotationManipulator.h */,
				6172E1761DC87903003FD670 /* BitmapRotationManipulator.m */,
				6172E1771DC87903003FD670 /* BitmapScaleManipulator.h */,
				6172E1781DC87903003FD670 /* BitmapScaleManipulator.m */,
			);
			path = Manipulators;
			sourceTree = "<group>";
		};
		61A418401DD0439400745071 /* CacheManager */ = {
			isa = PBXGroup;
			children = (
				61A418411DD0439400745071 /* VFileManager */,
				61A418441DD0439400745071 /* DICacheManager.h */,
				61A418451DD0439400745071 /* DICacheManager.m */,
			);
			path = CacheManager;
			sourceTree = "<group>";
		};
		61A418411DD0439400745071 /* VFileManager */ = {
			isa = PBXGroup;
			children = (
				61A418421DD0439400745071 /* VFileManager.h */,
				61A418431DD0439400745071 /* VFileManager.m */,
			);
			path = VFileManager;
			sourceTree = "<group>";
		};
		61B4CCC31DD30466003411A3 /* XDAlertController */ = {
			isa = PBXGroup;
			children = (
				61B4CCC41DD30466003411A3 /* XDAlertController.h */,
				61B4CCC51DD30466003411A3 /* XDAlertController.m */,
			);
			path = XDAlertController;
			sourceTree = "<group>";
		};
		61FA6F741DBDD6260035ED8E /* DZXNavigation */ = {
			isa = PBXGroup;
			children = (
				61FA6F751DBDD6260035ED8E /* DZXBarButtonItem.h */,
				61FA6F761DBDD6260035ED8E /* DZXBarButtonItem.m */,
				61FA6F771DBDD6260035ED8E /* DZXNavigationController.h */,
				61FA6F781DBDD6260035ED8E /* DZXNavigationController.m */,
				61FA6F791DBDD6260035ED8E /* DZXViewController.h */,
				61FA6F7A1DBDD6260035ED8E /* DZXViewController.m */,
			);
			path = DZXNavigation;
			sourceTree = "<group>";
		};
		61FA6F931DBDE9F40035ED8E /* Main */ = {
			isa = PBXGroup;
			children = (
				61FA6F941DBDE9F40035ED8E /* controller */,
				61FA6F951DBDE9F40035ED8E /* model */,
				61FA6F961DBDE9F40035ED8E /* service */,
				61FA6F971DBDE9F40035ED8E /* view */,
			);
			path = Main;
			sourceTree = "<group>";
		};
		61FA6F941DBDE9F40035ED8E /* controller */ = {
			isa = PBXGroup;
			children = (
				61FA6F991DBDEB670035ED8E /* DIMineViewController.h */,
				61FA6F9A1DBDEB670035ED8E /* DIMineViewController.m */,
			);
			path = controller;
			sourceTree = "<group>";
		};
		61FA6F951DBDE9F40035ED8E /* model */ = {
			isa = PBXGroup;
			children = (
			);
			path = model;
			sourceTree = "<group>";
		};
		61FA6F961DBDE9F40035ED8E /* service */ = {
			isa = PBXGroup;
			children = (
			);
			path = service;
			sourceTree = "<group>";
		};
		61FA6F971DBDE9F40035ED8E /* view */ = {
			isa = PBXGroup;
			children = (
			);
			path = view;
			sourceTree = "<group>";
		};
		61FA6FA11DBDFBFE0035ED8E /* Public */ = {
			isa = PBXGroup;
			children = (
				61B4CCC31DD30466003411A3 /* XDAlertController */,
				61A418401DD0439400745071 /* CacheManager */,
				61FA700B1DBE0ED10035ED8E /* VExtensions */,
			);
			path = Public;
			sourceTree = "<group>";
		};
		61FA700B1DBE0ED10035ED8E /* VExtensions */ = {
			isa = PBXGroup;
			children = (
				61FA700C1DBE0ED10035ED8E /* CGRect+Extensions.h */,
				61FA700D1DBE0ED10035ED8E /* CGRect+Extensions.m */,
				61FA700E1DBE0ED10035ED8E /* GTMNSString+HTML.h */,
				61FA700F1DBE0ED10035ED8E /* GTMNSString+HTML.m */,
				61FA70101DBE0ED10035ED8E /* NSArray+Extensions.h */,
				61FA70111DBE0ED10035ED8E /* NSArray+Extensions.m */,
				61FA70121DBE0ED10035ED8E /* NSData+Extensions.h */,
				61FA70131DBE0ED10035ED8E /* NSData+Extensions.m */,
				61FA70141DBE0ED10035ED8E /* NSDate+Extensions.h */,
				61FA70151DBE0ED10035ED8E /* NSDate+Extensions.m */,
				61FA70161DBE0ED10035ED8E /* NSObject+Extensions.h */,
				61FA70171DBE0ED10035ED8E /* NSObject+Extensions.m */,
				61FA70181DBE0ED10035ED8E /* NSString+Extensions.h */,
				61FA70191DBE0ED10035ED8E /* NSString+Extensions.m */,
				61FA701A1DBE0ED10035ED8E /* NSString+HTML.h */,
				61FA701B1DBE0ED10035ED8E /* NSString+HTML.m */,
				61FA701C1DBE0ED10035ED8E /* UIActionSheet+Blocks.h */,
				61FA701D1DBE0ED10035ED8E /* UIActionSheet+Blocks.m */,
				61FA701E1DBE0ED10035ED8E /* UIColor+Extensions.h */,
				61FA701F1DBE0ED10035ED8E /* UIColor+Extensions.m */,
				61FA70201DBE0ED10035ED8E /* UIControl+Extensions.h */,
				61FA70211DBE0ED10035ED8E /* UIControl+Extensions.m */,
				61FA70221DBE0ED10035ED8E /* UIImage+Extensions.h */,
				61FA70231DBE0ED10035ED8E /* UIImage+Extensions.m */,
				61FA70241DBE0ED10035ED8E /* UIView+Extensions.h */,
				61FA70251DBE0ED10035ED8E /* UIView+Extensions.m */,
				61FA70261DBE0ED10035ED8E /* VExtensions.h */,
			);
			path = VExtensions;
			sourceTree = "<group>";
		};
		F33CF3E7903CEF142FF74CDD /* Pods */ = {
			isa = PBXGroup;
			children = (
				85C3ACF3CFC9FB0C86D95DFB /* Pods.debug.xcconfig */,
				30BADEE402B3C2F3546CF6BB /* Pods.release.xcconfig */,
			);
			name = Pods;
			sourceTree = "<group>";
		};
		F47DA1A6A53243F2A54DE21B /* Frameworks */ = {
			isa = PBXGroup;
			children = (
				308328A01C75804F60DDE938 /* libPods.a */,
			);
			name = Frameworks;
			sourceTree = "<group>";
		};
/* End PBXGroup section */

/* Begin PBXNativeTarget section */
		6141C8791DBDBA2B002EEBD7 /* DrawIt */ = {
			isa = PBXNativeTarget;
			buildConfigurationList = 6141C8A71DBDBA2B002EEBD7 /* Build configuration list for PBXNativeTarget "DrawIt" */;
			buildPhases = (
				63CCC6E6BA61DA1CA0F60F9E /* Check Pods Manifest.lock */,
				6141C8761DBDBA2B002EEBD7 /* Sources */,
				6141C8771DBDBA2B002EEBD7 /* Frameworks */,
				6141C8781DBDBA2B002EEBD7 /* Resources */,
				26DFF14E99267251C3270863 /* Copy Pods Resources */,
			);
			buildRules = (
			);
			dependencies = (
			);
			name = DrawIt;
			productName = DrawIt;
			productReference = 6141C87A1DBDBA2B002EEBD7 /* DrawIt.app */;
			productType = "com.apple.product-type.application";
		};
		6141C8921DBDBA2B002EEBD7 /* DrawItTests */ = {
			isa = PBXNativeTarget;
			buildConfigurationList = 6141C8AA1DBDBA2B002EEBD7 /* Build configuration list for PBXNativeTarget "DrawItTests" */;
			buildPhases = (
				6141C88F1DBDBA2B002EEBD7 /* Sources */,
				6141C8901DBDBA2B002EEBD7 /* Frameworks */,
				6141C8911DBDBA2B002EEBD7 /* Resources */,
			);
			buildRules = (
			);
			dependencies = (
				6141C8951DBDBA2B002EEBD7 /* PBXTargetDependency */,
			);
			name = DrawItTests;
			productName = DrawItTests;
			productReference = 6141C8931DBDBA2B002EEBD7 /* DrawItTests.xctest */;
			productType = "com.apple.product-type.bundle.unit-test";
		};
		6141C89D1DBDBA2B002EEBD7 /* DrawItUITests */ = {
			isa = PBXNativeTarget;
			buildConfigurationList = 6141C8AD1DBDBA2B002EEBD7 /* Build configuration list for PBXNativeTarget "DrawItUITests" */;
			buildPhases = (
				6141C89A1DBDBA2B002EEBD7 /* Sources */,
				6141C89B1DBDBA2B002EEBD7 /* Frameworks */,
				6141C89C1DBDBA2B002EEBD7 /* Resources */,
			);
			buildRules = (
			);
			dependencies = (
				6141C8A01DBDBA2B002EEBD7 /* PBXTargetDependency */,
			);
			name = DrawItUITests;
			productName = DrawItUITests;
			productReference = 6141C89E1DBDBA2B002EEBD7 /* DrawItUITests.xctest */;
			productType = "com.apple.product-type.bundle.ui-testing";
		};
/* End PBXNativeTarget section */

/* Begin PBXProject section */
		6141C8721DBDBA2B002EEBD7 /* Project object */ = {
			isa = PBXProject;
			attributes = {
				CLASSPREFIX = DI;
				LastUpgradeCheck = 0800;
				ORGANIZATIONNAME = "ywl-ios1";
				TargetAttributes = {
					6141C8791DBDBA2B002EEBD7 = {
						CreatedOnToolsVersion = 8.0;
						DevelopmentTeam = N53G8V4MHR;
						ProvisioningStyle = Automatic;
					};
					6141C8921DBDBA2B002EEBD7 = {
						CreatedOnToolsVersion = 8.0;
						ProvisioningStyle = Automatic;
						TestTargetID = 6141C8791DBDBA2B002EEBD7;
					};
					6141C89D1DBDBA2B002EEBD7 = {
						CreatedOnToolsVersion = 8.0;
						ProvisioningStyle = Automatic;
						TestTargetID = 6141C8791DBDBA2B002EEBD7;
					};
				};
			};
			buildConfigurationList = 6141C8751DBDBA2B002EEBD7 /* Build configuration list for PBXProject "DrawIt" */;
			compatibilityVersion = "Xcode 3.2";
			developmentRegion = English;
			hasScannedForEncodings = 0;
			knownRegions = (
				en,
				Base,
			);
			mainGroup = 6141C8711DBDBA2B002EEBD7;
			productRefGroup = 6141C87B1DBDBA2B002EEBD7 /* Products */;
			projectDirPath = "";
			projectRoot = "";
			targets = (
				6141C8791DBDBA2B002EEBD7 /* DrawIt */,
				6141C8921DBDBA2B002EEBD7 /* DrawItTests */,
				6141C89D1DBDBA2B002EEBD7 /* DrawItUITests */,
			);
		};
/* End PBXProject section */

/* Begin PBXResourcesBuildPhase section */
		6141C8781DBDBA2B002EEBD7 /* Resources */ = {
			isa = PBXResourcesBuildPhase;
			buildActionMask = 2147483647;
			files = (
				6141C88A1DBDBA2B002EEBD7 /* Assets.xcassets in Resources */,
			);
			runOnlyForDeploymentPostprocessing = 0;
		};
		6141C8911DBDBA2B002EEBD7 /* Resources */ = {
			isa = PBXResourcesBuildPhase;
			buildActionMask = 2147483647;
			files = (
			);
			runOnlyForDeploymentPostprocessing = 0;
		};
		6141C89C1DBDBA2B002EEBD7 /* Resources */ = {
			isa = PBXResourcesBuildPhase;
			buildActionMask = 2147483647;
			files = (
			);
			runOnlyForDeploymentPostprocessing = 0;
		};
/* End PBXResourcesBuildPhase section */

/* Begin PBXShellScriptBuildPhase section */
		26DFF14E99267251C3270863 /* Copy Pods Resources */ = {
			isa = PBXShellScriptBuildPhase;
			buildActionMask = 2147483647;
			files = (
			);
			inputPaths = (
			);
			name = "Copy Pods Resources";
			outputPaths = (
			);
			runOnlyForDeploymentPostprocessing = 0;
			shellPath = /bin/sh;
			shellScript = "\"${SRCROOT}/Pods/Target Support Files/Pods/Pods-resources.sh\"\n";
			showEnvVarsInLog = 0;
		};
		63CCC6E6BA61DA1CA0F60F9E /* Check Pods Manifest.lock */ = {
			isa = PBXShellScriptBuildPhase;
			buildActionMask = 2147483647;
			files = (
			);
			inputPaths = (
			);
			name = "Check Pods Manifest.lock";
			outputPaths = (
			);
			runOnlyForDeploymentPostprocessing = 0;
			shellPath = /bin/sh;
			shellScript = "diff \"${PODS_ROOT}/../Podfile.lock\" \"${PODS_ROOT}/Manifest.lock\" > /dev/null\nif [[ $? != 0 ]] ; then\n    cat << EOM\nerror: The sandbox is not in sync with the Podfile.lock. Run 'pod install' or update your CocoaPods installation.\nEOM\n    exit 1\nfi\n";
			showEnvVarsInLog = 0;
		};
/* End PBXShellScriptBuildPhase section */

/* Begin PBXSourcesBuildPhase section */
		6141C8761DBDBA2B002EEBD7 /* Sources */ = {
			isa = PBXSourcesBuildPhase;
			buildActionMask = 2147483647;
			files = (
				6172E1991DC8796C003FD670 /* DIColorPickerViewController.m in Sources */,
				61FA6FFE1DBE02540035ED8E /* DIDrawViewController.m in Sources */,
				61FA702F1DBE0ED10035ED8E /* UIActionSheet+Blocks.m in Sources */,
				6172E1871DC87903003FD670 /* NSImage+ANImageBitmapRep.m in Sources */,
				6172E18C1DC87903003FD670 /* BitmapContextManipulator.m in Sources */,
				6172E1901DC87903003FD670 /* BitmapScaleManipulator.m in Sources */,
				6172E11B1DC208B7003FD670 /* DIDrawingView.m in Sources */,
				612407801DBDC47A006FFAF4 /* DIBaseViewController.m in Sources */,
				61FA702E1DBE0ED10035ED8E /* NSString+HTML.m in Sources */,
				6172E18E1DC87903003FD670 /* BitmapDrawManipulator.m in Sources */,
				6172E18D1DC87903003FD670 /* BitmapCropManipulator.m in Sources */,
				61FA6F801DBDDF1B0035ED8E /* DIHomeViewController.m in Sources */,
				6172E1961DC87903003FD670 /* RSSelectionLayer.m in Sources */,
				61A418561DD0795600745071 /* DIPaintInfoModel.m in Sources */,
				6172E1861DC87903003FD670 /* BitmapContextRep.m in Sources */,
				61A418531DD05EE500745071 /* DIPaintCollectionViewCell.m in Sources */,
				6172E1191DC208B7003FD670 /* DIPointModel.m in Sources */,
				61FA6FA01DBDF5D10035ED8E /* DINavgationController.m in Sources */,
				6172E1851DC87903003FD670 /* ANImageBitmapRep.m in Sources */,
				61FA702A1DBE0ED10035ED8E /* NSData+Extensions.m in Sources */,
				6141C8821DBDBA2B002EEBD7 /* AppDelegate.m in Sources */,
				6141C87F1DBDBA2B002EEBD7 /* main.m in Sources */,
				6172E1181DC208B7003FD670 /* DIPenModel.m in Sources */,
				6172E18F1DC87903003FD670 /* BitmapRotationManipulator.m in Sources */,
				6172E1931DC87903003FD670 /* RSColorPickerState.m in Sources */,
				6172E1921DC87903003FD670 /* RSColorFunctions.m in Sources */,
				61FA70291DBE0ED10035ED8E /* NSArray+Extensions.m in Sources */,
				61FA702D1DBE0ED10035ED8E /* NSString+Extensions.m in Sources */,
				6172E1911DC87903003FD670 /* BGRSLoupeLayer.m in Sources */,
				6172E1891DC87903003FD670 /* UIImage+ANImageBitmapRep.m in Sources */,
				6172E11A1DC208B7003FD670 /* DIDrawingToolBar.m in Sources */,
				61FA6F861DBDE1380035ED8E /* DITabBarController.m in Sources */,
				61FA702B1DBE0ED10035ED8E /* NSDate+Extensions.m in Sources */,
				61FA6F9B1DBDEB670035ED8E /* DIMineViewController.m in Sources */,
				6172E18A1DC87903003FD670 /* CGContextCreator.m in Sources */,
				61FA6F7D1DBDD6260035ED8E /* DZXViewController.m in Sources */,
				6172E1951DC87903003FD670 /* RSGenerateOperation.m in Sources */,
				61A418471DD0439400745071 /* DICacheManager.m in Sources */,
				61FA6F7C1DBDD6260035ED8E /* DZXNavigationController.m in Sources */,
				61FA70331DBE0ED10035ED8E /* UIView+Extensions.m in Sources */,
				6172E1881DC87903003FD670 /* OSCommonImage.m in Sources */,
				61FA70311DBE0ED10035ED8E /* UIControl+Extensions.m in Sources */,
				61FA70301DBE0ED10035ED8E /* UIColor+Extensions.m in Sources */,
				61FA70321DBE0ED10035ED8E /* UIImage+Extensions.m in Sources */,
				61FA70271DBE0ED10035ED8E /* CGRect+Extensions.m in Sources */,
				61A418461DD0439400745071 /* VFileManager.m in Sources */,
				61B4CCC61DD30466003411A3 /* XDAlertController.m in Sources */,
				6172E1941DC87903003FD670 /* RSColorPickerView.m in Sources */,
				61FA702C1DBE0ED10035ED8E /* NSObject+Extensions.m in Sources */,
				6172E18B1DC87903003FD670 /* CGImageContainer.m in Sources */,
				61FA6F7B1DBDD6260035ED8E /* DZXBarButtonItem.m in Sources */,
				61FA70281DBE0ED10035ED8E /* GTMNSString+HTML.m in Sources */,
			);
			runOnlyForDeploymentPostprocessing = 0;
		};
		6141C88F1DBDBA2B002EEBD7 /* Sources */ = {
			isa = PBXSourcesBuildPhase;
			buildActionMask = 2147483647;
			files = (
				6141C8981DBDBA2B002EEBD7 /* DrawItTests.m in Sources */,
			);
			runOnlyForDeploymentPostprocessing = 0;
		};
		6141C89A1DBDBA2B002EEBD7 /* Sources */ = {
			isa = PBXSourcesBuildPhase;
			buildActionMask = 2147483647;
			files = (
				6141C8A31DBDBA2B002EEBD7 /* DrawItUITests.m in Sources */,
			);
			runOnlyForDeploymentPostprocessing = 0;
		};
/* End PBXSourcesBuildPhase section */

/* Begin PBXTargetDependency section */
		6141C8951DBDBA2B002EEBD7 /* PBXTargetDependency */ = {
			isa = PBXTargetDependency;
			target = 6141C8791DBDBA2B002EEBD7 /* DrawIt */;
			targetProxy = 6141C8941DBDBA2B002EEBD7 /* PBXContainerItemProxy */;
		};
		6141C8A01DBDBA2B002EEBD7 /* PBXTargetDependency */ = {
			isa = PBXTargetDependency;
			target = 6141C8791DBDBA2B002EEBD7 /* DrawIt */;
			targetProxy = 6141C89F1DBDBA2B002EEBD7 /* PBXContainerItemProxy */;
		};
/* End PBXTargetDependency section */

/* Begin XCBuildConfiguration section */
		6141C8A51DBDBA2B002EEBD7 /* Debug */ = {
			isa = XCBuildConfiguration;
			buildSettings = {
				ALWAYS_SEARCH_USER_PATHS = NO;
				CLANG_ANALYZER_NONNULL = YES;
				CLANG_CXX_LANGUAGE_STANDARD = "gnu++0x";
				CLANG_CXX_LIBRARY = "libc++";
				CLANG_ENABLE_MODULES = YES;
				CLANG_ENABLE_OBJC_ARC = YES;
				CLANG_WARN_BOOL_CONVERSION = YES;
				CLANG_WARN_CONSTANT_CONVERSION = YES;
				CLANG_WARN_DIRECT_OBJC_ISA_USAGE = YES_ERROR;
				CLANG_WARN_DOCUMENTATION_COMMENTS = YES;
				CLANG_WARN_EMPTY_BODY = YES;
				CLANG_WARN_ENUM_CONVERSION = YES;
				CLANG_WARN_INFINITE_RECURSION = YES;
				CLANG_WARN_INT_CONVERSION = YES;
				CLANG_WARN_OBJC_ROOT_CLASS = YES_ERROR;
				CLANG_WARN_SUSPICIOUS_MOVE = YES;
				CLANG_WARN_SUSPICIOUS_MOVES = YES;
				CLANG_WARN_UNREACHABLE_CODE = YES;
				CLANG_WARN__DUPLICATE_METHOD_MATCH = YES;
				"CODE_SIGN_IDENTITY[sdk=iphoneos*]" = "iPhone Developer";
				COPY_PHASE_STRIP = NO;
				DEBUG_INFORMATION_FORMAT = dwarf;
				ENABLE_STRICT_OBJC_MSGSEND = YES;
				ENABLE_TESTABILITY = YES;
				GCC_C_LANGUAGE_STANDARD = gnu99;
				GCC_DYNAMIC_NO_PIC = NO;
				GCC_NO_COMMON_BLOCKS = YES;
				GCC_OPTIMIZATION_LEVEL = 0;
				GCC_PREPROCESSOR_DEFINITIONS = (
					"DEBUG=1",
					"$(inherited)",
				);
				GCC_WARN_64_TO_32_BIT_CONVERSION = YES;
				GCC_WARN_ABOUT_RETURN_TYPE = YES_ERROR;
				GCC_WARN_UNDECLARED_SELECTOR = YES;
				GCC_WARN_UNINITIALIZED_AUTOS = YES_AGGRESSIVE;
				GCC_WARN_UNUSED_FUNCTION = YES;
				GCC_WARN_UNUSED_VARIABLE = YES;
				IPHONEOS_DEPLOYMENT_TARGET = 9.0;
				MTL_ENABLE_DEBUG_INFO = YES;
				ONLY_ACTIVE_ARCH = YES;
				SDKROOT = iphoneos;
				TARGETED_DEVICE_FAMILY = "1,2";
			};
			name = Debug;
		};
		6141C8A61DBDBA2B002EEBD7 /* Release */ = {
			isa = XCBuildConfiguration;
			buildSettings = {
				ALWAYS_SEARCH_USER_PATHS = NO;
				CLANG_ANALYZER_NONNULL = YES;
				CLANG_CXX_LANGUAGE_STANDARD = "gnu++0x";
				CLANG_CXX_LIBRARY = "libc++";
				CLANG_ENABLE_MODULES = YES;
				CLANG_ENABLE_OBJC_ARC = YES;
				CLANG_WARN_BOOL_CONVERSION = YES;
				CLANG_WARN_CONSTANT_CONVERSION = YES;
				CLANG_WARN_DIRECT_OBJC_ISA_USAGE = YES_ERROR;
				CLANG_WARN_DOCUMENTATION_COMMENTS = YES;
				CLANG_WARN_EMPTY_BODY = YES;
				CLANG_WARN_ENUM_CONVERSION = YES;
				CLANG_WARN_INFINITE_RECURSION = YES;
				CLANG_WARN_INT_CONVERSION = YES;
				CLANG_WARN_OBJC_ROOT_CLASS = YES_ERROR;
				CLANG_WARN_SUSPICIOUS_MOVE = YES;
				CLANG_WARN_SUSPICIOUS_MOVES = YES;
				CLANG_WARN_UNREACHABLE_CODE = YES;
				CLANG_WARN__DUPLICATE_METHOD_MATCH = YES;
				"CODE_SIGN_IDENTITY[sdk=iphoneos*]" = "iPhone Developer";
				COPY_PHASE_STRIP = NO;
				DEBUG_INFORMATION_FORMAT = "dwarf-with-dsym";
				ENABLE_NS_ASSERTIONS = NO;
				ENABLE_STRICT_OBJC_MSGSEND = YES;
				GCC_C_LANGUAGE_STANDARD = gnu99;
				GCC_NO_COMMON_BLOCKS = YES;
				GCC_WARN_64_TO_32_BIT_CONVERSION = YES;
				GCC_WARN_ABOUT_RETURN_TYPE = YES_ERROR;
				GCC_WARN_UNDECLARED_SELECTOR = YES;
				GCC_WARN_UNINITIALIZED_AUTOS = YES_AGGRESSIVE;
				GCC_WARN_UNUSED_FUNCTION = YES;
				GCC_WARN_UNUSED_VARIABLE = YES;
				IPHONEOS_DEPLOYMENT_TARGET = 9.0;
				MTL_ENABLE_DEBUG_INFO = NO;
				SDKROOT = iphoneos;
				TARGETED_DEVICE_FAMILY = "1,2";
				VALIDATE_PRODUCT = YES;
			};
			name = Release;
		};
		6141C8A81DBDBA2B002EEBD7 /* Debug */ = {
			isa = XCBuildConfiguration;
			baseConfigurationReference = 85C3ACF3CFC9FB0C86D95DFB /* Pods.debug.xcconfig */;
			buildSettings = {
				ASSETCATALOG_COMPILER_APPICON_NAME = AppIcon;
				DEVELOPMENT_TEAM = N53G8V4MHR;
				GCC_PRECOMPILE_PREFIX_HEADER = YES;
				GCC_PREFIX_HEADER = /Users/ReckyLin/Desktop/DrawIt/DrawIt/DrawIt/Base/import/PrefixHeader.pch;
				INFOPLIST_FILE = DrawIt/Info.plist;
				IPHONEOS_DEPLOYMENT_TARGET = 8.1;
				LD_RUNPATH_SEARCH_PATHS = "$(inherited) @executable_path/Frameworks";
				PRODUCT_BUNDLE_IDENTIFIER = com.reckylin.DrawIt;
				PRODUCT_NAME = "$(TARGET_NAME)";
			};
			name = Debug;
		};
		6141C8A91DBDBA2B002EEBD7 /* Release */ = {
			isa = XCBuildConfiguration;
			baseConfigurationReference = 30BADEE402B3C2F3546CF6BB /* Pods.release.xcconfig */;
			buildSettings = {
				ASSETCATALOG_COMPILER_APPICON_NAME = AppIcon;
				DEVELOPMENT_TEAM = N53G8V4MHR;
				GCC_PRECOMPILE_PREFIX_HEADER = YES;
				GCC_PREFIX_HEADER = /Users/ReckyLin/Desktop/DrawIt/DrawIt/DrawIt/Base/import/PrefixHeader.pch;
				INFOPLIST_FILE = DrawIt/Info.plist;
				IPHONEOS_DEPLOYMENT_TARGET = 8.1;
				LD_RUNPATH_SEARCH_PATHS = "$(inherited) @executable_path/Frameworks";
				PRODUCT_BUNDLE_IDENTIFIER = com.reckylin.DrawIt;
				PRODUCT_NAME = "$(TARGET_NAME)";
			};
			name = Release;
		};
		6141C8AB1DBDBA2B002EEBD7 /* Debug */ = {
			isa = XCBuildConfiguration;
			buildSettings = {
				BUNDLE_LOADER = "$(TEST_HOST)";
				INFOPLIST_FILE = DrawItTests/Info.plist;
				LD_RUNPATH_SEARCH_PATHS = "$(inherited) @executable_path/Frameworks @loader_path/Frameworks";
				PRODUCT_BUNDLE_IDENTIFIER = com.reckylin.DrawItTests;
				PRODUCT_NAME = "$(TARGET_NAME)";
				TEST_HOST = "$(BUILT_PRODUCTS_DIR)/DrawIt.app/DrawIt";
			};
			name = Debug;
		};
		6141C8AC1DBDBA2B002EEBD7 /* Release */ = {
			isa = XCBuildConfiguration;
			buildSettings = {
				BUNDLE_LOADER = "$(TEST_HOST)";
				INFOPLIST_FILE = DrawItTests/Info.plist;
				LD_RUNPATH_SEARCH_PATHS = "$(inherited) @executable_path/Frameworks @loader_path/Frameworks";
				PRODUCT_BUNDLE_IDENTIFIER = com.reckylin.DrawItTests;
				PRODUCT_NAME = "$(TARGET_NAME)";
				TEST_HOST = "$(BUILT_PRODUCTS_DIR)/DrawIt.app/DrawIt";
			};
			name = Release;
		};
		6141C8AE1DBDBA2B002EEBD7 /* Debug */ = {
			isa = XCBuildConfiguration;
			buildSettings = {
				INFOPLIST_FILE = DrawItUITests/Info.plist;
				LD_RUNPATH_SEARCH_PATHS = "$(inherited) @executable_path/Frameworks @loader_path/Frameworks";
				PRODUCT_BUNDLE_IDENTIFIER = com.reckylin.DrawItUITests;
				PRODUCT_NAME = "$(TARGET_NAME)";
				TEST_TARGET_NAME = DrawIt;
			};
			name = Debug;
		};
		6141C8AF1DBDBA2B002EEBD7 /* Release */ = {
			isa = XCBuildConfiguration;
			buildSettings = {
				INFOPLIST_FILE = DrawItUITests/Info.plist;
				LD_RUNPATH_SEARCH_PATHS = "$(inherited) @executable_path/Frameworks @loader_path/Frameworks";
				PRODUCT_BUNDLE_IDENTIFIER = com.reckylin.DrawItUITests;
				PRODUCT_NAME = "$(TARGET_NAME)";
				TEST_TARGET_NAME = DrawIt;
			};
			name = Release;
		};
/* End XCBuildConfiguration section */

/* Begin XCConfigurationList section */
		6141C8751DBDBA2B002EEBD7 /* Build configuration list for PBXProject "DrawIt" */ = {
			isa = XCConfigurationList;
			buildConfigurations = (
				6141C8A51DBDBA2B002EEBD7 /* Debug */,
				6141C8A61DBDBA2B002EEBD7 /* Release */,
			);
			defaultConfigurationIsVisible = 0;
			defaultConfigurationName = Release;
		};
		6141C8A71DBDBA2B002EEBD7 /* Build configuration list for PBXNativeTarget "DrawIt" */ = {
			isa = XCConfigurationList;
			buildConfigurations = (
				6141C8A81DBDBA2B002EEBD7 /* Debug */,
				6141C8A91DBDBA2B002EEBD7 /* Release */,
			);
			defaultConfigurationIsVisible = 0;
			defaultConfigurationName = Release;
		};
		6141C8AA1DBDBA2B002EEBD7 /* Build configuration list for PBXNativeTarget "DrawItTests" */ = {
			isa = XCConfigurationList;
			buildConfigurations = (
				6141C8AB1DBDBA2B002EEBD7 /* Debug */,
				6141C8AC1DBDBA2B002EEBD7 /* Release */,
			);
			defaultConfigurationIsVisible = 0;
			defaultConfigurationName = Release;
		};
		6141C8AD1DBDBA2B002EEBD7 /* Build configuration list for PBXNativeTarget "DrawItUITests" */ = {
			isa = XCConfigurationList;
			buildConfigurations = (
				6141C8AE1DBDBA2B002EEBD7 /* Debug */,
				6141C8AF1DBDBA2B002EEBD7 /* Release */,
			);
			defaultConfigurationIsVisible = 0;
			defaultConfigurationName = Release;
		};
/* End XCConfigurationList section */
	};
	rootObject = 6141C8721DBDBA2B002EEBD7 /* Project object */;
}
